// !$*UTF8*$!
{
	archiveVersion = 1;
	classes = {
	};
	objectVersion = 77;
	objects = {

/* Begin PBXBuildFile section */
		7576356B1438961409D7347E /* Assets.xcassets in Resources */ = {isa = PBXBuildFile; fileRef = F007A8D604F6B086B03A4867 /* Assets.xcassets */; };
		A4F6F2F8C5FEFC378776F1D9 /* WASpacesiOSApp.swift in Sources */ = {isa = PBXBuildFile; fileRef = DA5009D6144C60D19442D581 /* WASpacesiOSApp.swift */; };
		B185639C6C71F297C259196B /* WASpacesiOSCore in Frameworks */ = {isa = PBXBuildFile; productRef = 99951CBC96853F0EE316C096 /* WASpacesiOSCore */; };
/* End PBXBuildFile section */

/* Begin PBXFileReference section */
		B8D03F18E91C3234F9DBA043 /* multi-wa-workspaces */ = {isa = PBXFileReference; lastKnownFileType = folder; name = "multi-wa-workspaces"; path = ../..; sourceTree = SOURCE_ROOT; };
		CB490028AD6BE476C0A071DF /* WASpacesiOSApp.app */ = {isa = PBXFileReference; includeInIndex = 0; lastKnownFileType = wrapper.application; path = WASpacesiOSApp.app; sourceTree = BUILT_PRODUCTS_DIR; };
		DA5009D6144C60D19442D581 /* WASpacesiOSApp.swift */ = {isa = PBXFileReference; lastKnownFileType = sourcecode.swift; path = WASpacesiOSApp.swift; sourceTree = "<group>"; };
		F007A8D604F6B086B03A4867 /* Assets.xcassets */ = {isa = PBXFileReference; lastKnownFileType = folder.assetcatalog; path = Assets.xcassets; sourceTree = "<group>"; };
		FAC9AE0E6D7BCBEAC621A109 /* Info.plist */ = {isa = PBXFileReference; lastKnownFileType = text.plist; path = Info.plist; sourceTree = "<group>"; };
/* End PBXFileReference section */

/* Begin PBXFrameworksBuildPhase section */
		B9E52E47366A069B0B016645 /* Frameworks */ = {
			isa = PBXFrameworksBuildPhase;
			buildActionMask = 2147483647;
			files = (
				B185639C6C71F297C259196B /* WASpacesiOSCore in Frameworks */,
			);
			runOnlyForDeploymentPostprocessing = 0;
		};
/* End PBXFrameworksBuildPhase section */

/* Begin PBXGroup section */
		687838D3AB3EE5A91C3A3A90 /* Packages */ = {
			isa = PBXGroup;
			children = (
				B8D03F18E91C3234F9DBA043 /* multi-wa-workspaces */,
			);
			name = Packages;
			sourceTree = "<group>";
		};
		7A9E47FA7F23E41079179603 = {
			isa = PBXGroup;
			children = (
				687838D3AB3EE5A91C3A3A90 /* Packages */,
				90A26AEE6CFB1AB9D165CD3C /* Resources */,
				ACA1D9EFCB5B187366152F55 /* Sources */,
				D6CFBE226ECFAE637B20B2F4 /* Products */,
			);
			sourceTree = "<group>";
		};
		90A26AEE6CFB1AB9D165CD3C /* Resources */ = {
			isa = PBXGroup;
			children = (
				F007A8D604F6B086B03A4867 /* Assets.xcassets */,
				FAC9AE0E6D7BCBEAC621A109 /* Info.plist */,
			);
			path = Resources;
			sourceTree = "<group>";
		};
		ACA1D9EFCB5B187366152F55 /* Sources */ = {
			isa = PBXGroup;
			children = (
				DA5009D6144C60D19442D581 /* WASpacesiOSApp.swift */,
			);
			path = Sources;
			sourceTree = "<group>";
		};
		D6CFBE226ECFAE637B20B2F4 /* Products */ = {
			isa = PBXGroup;
			children = (
				CB490028AD6BE476C0A071DF /* WASpacesiOSApp.app */,
			);
			name = Products;
			sourceTree = "<group>";
		};
/* End PBXGroup section */

/* Begin PBXNativeTarget section */
		16F310EBAE89AAC733AA699C /* WASpacesiOSApp */ = {
			isa = PBXNativeTarget;
			buildConfigurationList = C50E86001D4C99E00BB61C7B /* Build configuration list for PBXNativeTarget "WASpacesiOSApp" */;
			buildPhases = (
				EE51FFB0383ED1191BA7F1AD /* Sources */,
				BB05C51659B2B31BC7EC76C2 /* Resources */,
				B9E52E47366A069B0B016645 /* Frameworks */,
			);
			buildRules = (
			);
			dependencies = (
			);
			name = WASpacesiOSApp;
			packageProductDependencies = (
				99951CBC96853F0EE316C096 /* WASpacesiOSCore */,
			);
			productName = WASpacesiOSApp;
			productReference = CB490028AD6BE476C0A071DF /* WASpacesiOSApp.app */;
			productType = "com.apple.product-type.application";
		};
/* End PBXNativeTarget section */

/* Begin PBXProject section */
		E9CF740B826415F396C816E0 /* Project object */ = {
			isa = PBXProject;
			attributes = {
				BuildIndependentTargetsInParallel = YES;
				LastUpgradeCheck = 1430;
				TargetAttributes = {
				};
			};
			buildConfigurationList = E85D716D77AC523639A03BBC /* Build configuration list for PBXProject "WASpacesiOSApp" */;
			developmentRegion = en;
			hasScannedForEncodings = 0;
			knownRegions = (
				Base,
				en,
			);
			mainGroup = 7A9E47FA7F23E41079179603;
			minimizedProjectReferenceProxies = 1;
			packageReferences = (
				E3CC2E2AFAA59071B8B6DB4C /* XCLocalSwiftPackageReference "../.." */,
			);
			preferredProjectObjectVersion = 77;
			productRefGroup = D6CFBE226ECFAE637B20B2F4 /* Products */;
			projectDirPath = "";
			projectRoot = "";
			targets = (
				16F310EBAE89AAC733AA699C /* WASpacesiOSApp */,
			);
		};
/* End PBXProject section */

/* Begin PBXResourcesBuildPhase section */
		BB05C51659B2B31BC7EC76C2 /* Resources */ = {
			isa = PBXResourcesBuildPhase;
			buildActionMask = 2147483647;
			files = (
				7576356B1438961409D7347E /* Assets.xcassets in Resources */,
			);
			runOnlyForDeploymentPostprocessing = 0;
		};
/* End PBXResourcesBuildPhase section */

/* Begin PBXSourcesBuildPhase section */
		EE51FFB0383ED1191BA7F1AD /* Sources */ = {
			isa = PBXSourcesBuildPhase;
			buildActionMask = 2147483647;
			files = (
				A4F6F2F8C5FEFC378776F1D9 /* WASpacesiOSApp.swift in Sources */,
			);
			runOnlyForDeploymentPostprocessing = 0;
		};
/* End PBXSourcesBuildPhase section */

/* Begin XCBuildConfiguration section */
		395AEA62EEA36FAF1753573F /* Debug */ = {
			isa = XCBuildConfiguration;
			buildSettings = {
				ASSETCATALOG_COMPILER_APPICON_NAME = AppIcon;
				CODE_SIGN_IDENTITY = "iPhone Developer";
				INFOPLIST_FILE = Resources/Info.plist;
				IPHONEOS_DEPLOYMENT_TARGET = 17.0;
				LD_RUNPATH_SEARCH_PATHS = (
					"$(inherited)",
					"@executable_path/Frameworks",
				);
				PRODUCT_BUNDLE_IDENTIFIER = com.waspaces.ios;
				PRODUCT_NAME = WASpace;
				SDKROOT = iphoneos;
				SWIFT_VERSION = 6.0;
				TARGETED_DEVICE_FAMILY = "1,2";
			};
			name = Debug;
		};
		4EDDF269A324B05818DF961F /* Debug */ = {
			isa = XCBuildConfiguration;
			buildSettings = {
				ALWAYS_SEARCH_USER_PATHS = NO;
				CLANG_ANALYZER_NONNULL = YES;
				CLANG_ANALYZER_NUMBER_OBJECT_CONVERSION = YES_AGGRESSIVE;
				CLANG_CXX_LANGUAGE_STANDARD = "gnu++14";
				CLANG_CXX_LIBRARY = "libc++";
				CLANG_ENABLE_MODULES = YES;
				CLANG_ENABLE_OBJC_ARC = YES;
				CLANG_ENABLE_OBJC_WEAK = YES;
				CLANG_WARN_BLOCK_CAPTURE_AUTORELEASING = YES;
				CLANG_WARN_BOOL_CONVERSION = YES;
				CLANG_WARN_COMMA = YES;
				CLANG_WARN_CONSTANT_CONVERSION = YES;
				CLANG_WARN_DEPRECATED_OBJC_IMPLEMENTATIONS = YES;
				CLANG_WARN_DIRECT_OBJC_ISA_USAGE = YES_ERROR;
				CLANG_WARN_DOCUMENTATION_COMMENTS = YES;
				CLANG_WARN_EMPTY_BODY = YES;
				CLANG_WARN_ENUM_CONVERSION = YES;
				CLANG_WARN_INFINITE_RECURSION = YES;
				CLANG_WARN_INT_CONVERSION = YES;
				CLANG_WARN_NON_LITERAL_NULL_CONVERSION = YES;
				CLANG_WARN_OBJC_IMPLICIT_RETAIN_SELF = YES;
				CLANG_WARN_OBJC_LITERAL_CONVERSION = YES;
				CLANG_WARN_OBJC_ROOT_CLASS = YES_ERROR;
				CLANG_WARN_QUOTED_INCLUDE_IN_FRAMEWORK_HEADER = YES;
				CLANG_WARN_RANGE_LOOP_ANALYSIS = YES;
				CLANG_WARN_STRICT_PROTOTYPES = YES;
				CLANG_WARN_SUSPICIOUS_MOVE = YES;
				CLANG_WARN_UNGUARDED_AVAILABILITY = YES_AGGRESSIVE;
				CLANG_WARN_UNREACHABLE_CODE = YES;
				CLANG_WARN__DUPLICATE_METHOD_MATCH = YES;
				COPY_PHASE_STRIP = NO;
				DEBUG_INFORMATION_FORMAT = dwarf;
				ENABLE_STRICT_OBJC_MSGSEND = YES;
				ENABLE_TESTABILITY = YES;
				GCC_C_LANGUAGE_STANDARD = gnu11;
				GCC_DYNAMIC_NO_PIC = NO;
				GCC_NO_COMMON_BLOCKS = YES;
				GCC_OPTIMIZATION_LEVEL = 0;
				GCC_PREPROCESSOR_DEFINITIONS = (
					"$(inherited)",
					"DEBUG=1",
				);
				GCC_WARN_64_TO_32_BIT_CONVERSION = YES;
				GCC_WARN_ABOUT_RETURN_TYPE = YES_ERROR;
				GCC_WARN_UNDECLARED_SELECTOR = YES;
				GCC_WARN_UNINITIALIZED_AUTOS = YES_AGGRESSIVE;
				GCC_WARN_UNUSED_FUNCTION = YES;
				GCC_WARN_UNUSED_VARIABLE = YES;
				IPHONEOS_DEPLOYMENT_TARGET = 17.0;
				MTL_ENABLE_DEBUG_INFO = INCLUDE_SOURCE;
				MTL_FAST_MATH = YES;
				ONLY_ACTIVE_ARCH = YES;
				PRODUCT_NAME = "$(TARGET_NAME)";
				SDKROOT = iphoneos;
				SWIFT_ACTIVE_COMPILATION_CONDITIONS = DEBUG;
				SWIFT_OPTIMIZATION_LEVEL = "-Onone";
				SWIFT_VERSION = 5.0;
			};
			name = Debug;
		};
		89D4B25724156EFAE9ACCD8B /* Release */ = {
			isa = XCBuildConfiguration;
			buildSettings = {
				ASSETCATALOG_COMPILER_APPICON_NAME = AppIcon;
				CODE_SIGN_IDENTITY = "iPhone Developer";
				INFOPLIST_FILE = Resources/Info.plist;
				IPHONEOS_DEPLOYMENT_TARGET = 17.0;
				LD_RUNPATH_SEARCH_PATHS = (
					"$(inherited)",
					"@executable_path/Frameworks",
				);
				PRODUCT_BUNDLE_IDENTIFIER = com.waspaces.ios;
				PRODUCT_NAME = WASpace;
				SDKROOT = iphoneos;
				SWIFT_VERSION = 6.0;
				TARGETED_DEVICE_FAMILY = "1,2";
			};
			name = Release;
		};
		F3C5098AF4A50B9626F4D566 /* Release */ = {
			isa = XCBuildConfiguration;
			buildSettings = {
				ALWAYS_SEARCH_USER_PATHS = NO;
				CLANG_ANALYZER_NONNULL = YES;
				CLANG_ANALYZER_NUMBER_OBJECT_CONVERSION = YES_AGGRESSIVE;
				CLANG_CXX_LANGUAGE_STANDARD = "gnu++14";
				CLANG_CXX_LIBRARY = "libc++";
				CLANG_ENABLE_MODULES = YES;
				CLANG_ENABLE_OBJC_ARC = YES;
				CLANG_ENABLE_OBJC_WEAK = YES;
				CLANG_WARN_BLOCK_CAPTURE_AUTORELEASING = YES;
				CLANG_WARN_BOOL_CONVERSION = YES;
				CLANG_WARN_COMMA = YES;
				CLANG_WARN_CONSTANT_CONVERSION = YES;
				CLANG_WARN_DEPRECATED_OBJC_IMPLEMENTATIONS = YES;
				CLANG_WARN_DIRECT_OBJC_ISA_USAGE = YES_ERROR;
				CLANG_WARN_DOCUMENTATION_COMMENTS = YES;
				CLANG_WARN_EMPTY_BODY = YES;
				CLANG_WARN_ENUM_CONVERSION = YES;
				CLANG_WARN_INFINITE_RECURSION = YES;
				CLANG_WARN_INT_CONVERSION = YES;
				CLANG_WARN_NON_LITERAL_NULL_CONVERSION = YES;
				CLANG_WARN_OBJC_IMPLICIT_RETAIN_SELF = YES;
				CLANG_WARN_OBJC_LITERAL_CONVERSION = YES;
				CLANG_WARN_OBJC_ROOT_CLASS = YES_ERROR;
				CLANG_WARN_QUOTED_INCLUDE_IN_FRAMEWORK_HEADER = YES;
				CLANG_WARN_RANGE_LOOP_ANALYSIS = YES;
				CLANG_WARN_STRICT_PROTOTYPES = YES;
				CLANG_WARN_SUSPICIOUS_MOVE = YES;
				CLANG_WARN_UNGUARDED_AVAILABILITY = YES_AGGRESSIVE;
				CLANG_WARN_UNREACHABLE_CODE = YES;
				CLANG_WARN__DUPLICATE_METHOD_MATCH = YES;
				COPY_PHASE_STRIP = NO;
				DEBUG_INFORMATION_FORMAT = "dwarf-with-dsym";
				ENABLE_NS_ASSERTIONS = NO;
				ENABLE_STRICT_OBJC_MSGSEND = YES;
				GCC_C_LANGUAGE_STANDARD = gnu11;
				GCC_NO_COMMON_BLOCKS = YES;
				GCC_WARN_64_TO_32_BIT_CONVERSION = YES;
				GCC_WARN_ABOUT_RETURN_TYPE = YES_ERROR;
				GCC_WARN_UNDECLARED_SELECTOR = YES;
				GCC_WARN_UNINITIALIZED_AUTOS = YES_AGGRESSIVE;
				GCC_WARN_UNUSED_FUNCTION = YES;
				GCC_WARN_UNUSED_VARIABLE = YES;
				IPHONEOS_DEPLOYMENT_TARGET = 17.0;
				MTL_ENABLE_DEBUG_INFO = NO;
				MTL_FAST_MATH = YES;
				PRODUCT_NAME = "$(TARGET_NAME)";
				SDKROOT = iphoneos;
				SWIFT_COMPILATION_MODE = wholemodule;
				SWIFT_OPTIMIZATION_LEVEL = "-O";
				SWIFT_VERSION = 5.0;
			};
			name = Release;
		};
/* End XCBuildConfiguration section */

/* Begin XCConfigurationList section */
		C50E86001D4C99E00BB61C7B /* Build configuration list for PBXNativeTarget "WASpacesiOSApp" */ = {
			isa = XCConfigurationList;
			buildConfigurations = (
				395AEA62EEA36FAF1753573F /* Debug */,
				89D4B25724156EFAE9ACCD8B /* Release */,
			);
			defaultConfigurationIsVisible = 0;
			defaultConfigurationName = Debug;
		};
		E85D716D77AC523639A03BBC /* Build configuration list for PBXProject "WASpacesiOSApp" */ = {
			isa = XCConfigurationList;
			buildConfigurations = (
				4EDDF269A324B05818DF961F /* Debug */,
				F3C5098AF4A50B9626F4D566 /* Release */,
			);
			defaultConfigurationIsVisible = 0;
			defaultConfigurationName = Debug;
		};
/* End XCConfigurationList section */

/* Begin XCLocalSwiftPackageReference section */
		E3CC2E2AFAA59071B8B6DB4C /* XCLocalSwiftPackageReference "../.." */ = {
			isa = XCLocalSwiftPackageReference;
			relativePath = ../..;
		};
/* End XCLocalSwiftPackageReference section */

/* Begin XCSwiftPackageProductDependency section */
		99951CBC96853F0EE316C096 /* WASpacesiOSCore */ = {
			isa = XCSwiftPackageProductDependency;
			productName = WASpacesiOSCore;
		};
/* End XCSwiftPackageProductDependency section */
	};
	rootObject = E9CF740B826415F396C816E0 /* Project object */;
}
